// !$*UTF8*$!
{
	archiveVersion = 1;
	classes = {
	};
	objectVersion = 56;
	objects = {

/* Begin PBXBuildFile section */
		9344D1312AD4DB5E00F42953 /* AppDelegate.swift in Sources */ = {isa = PBXBuildFile; fileRef = 9344D1302AD4DB5E00F42953 /* AppDelegate.swift */; };
		9344D1332AD4DB5E00F42953 /* SceneDelegate.swift in Sources */ = {isa = PBXBuildFile; fileRef = 9344D1322AD4DB5E00F42953 /* SceneDelegate.swift */; };
		9344D1352AD4DB5E00F42953 /* ViewController.swift in Sources */ = {isa = PBXBuildFile; fileRef = 9344D1342AD4DB5E00F42953 /* ViewController.swift */; };
		9344D1382AD4DB5E00F42953 /* Main.storyboard in Resources */ = {isa = PBXBuildFile; fileRef = 9344D1362AD4DB5E00F42953 /* Main.storyboard */; };
		9344D13A2AD4DB5F00F42953 /* Assets.xcassets in Resources */ = {isa = PBXBuildFile; fileRef = 9344D1392AD4DB5F00F42953 /* Assets.xcassets */; };
		9344D13D2AD4DB5F00F42953 /* LaunchScreen.storyboard in Resources */ = {isa = PBXBuildFile; fileRef = 9344D13B2AD4DB5F00F42953 /* LaunchScreen.storyboard */; };
		9344D14F2AD4DBB700F42953 /* 5.jpg in Resources */ = {isa = PBXBuildFile; fileRef = 9344D1452AD4DBB600F42953 /* 5.jpg */; };
		9344D1502AD4DBB700F42953 /* 4.jpg in Resources */ = {isa = PBXBuildFile; fileRef = 9344D1462AD4DBB600F42953 /* 4.jpg */; };
		9344D1512AD4DBB700F42953 /* 8.jpg in Resources */ = {isa = PBXBuildFile; fileRef = 9344D1472AD4DBB600F42953 /* 8.jpg */; };
		9344D1522AD4DBB700F42953 /* 1.jpg in Resources */ = {isa = PBXBuildFile; fileRef = 9344D1482AD4DBB600F42953 /* 1.jpg */; };
		9344D1532AD4DBB700F42953 /* 10.jpg in Resources */ = {isa = PBXBuildFile; fileRef = 9344D1492AD4DBB700F42953 /* 10.jpg */; };
		9344D1542AD4DBB700F42953 /* 7.jpg in Resources */ = {isa = PBXBuildFile; fileRef = 9344D14A2AD4DBB700F42953 /* 7.jpg */; };
		9344D1552AD4DBB700F42953 /* 3.jpg in Resources */ = {isa = PBXBuildFile; fileRef = 9344D14B2AD4DBB700F42953 /* 3.jpg */; };
		9344D1562AD4DBB700F42953 /* 9.jpg in Resources */ = {isa = PBXBuildFile; fileRef = 9344D14C2AD4DBB700F42953 /* 9.jpg */; };
		9344D1572AD4DBB700F42953 /* 6.jpg in Resources */ = {isa = PBXBuildFile; fileRef = 9344D14D2AD4DBB700F42953 /* 6.jpg */; };
		9344D1582AD4DBB700F42953 /* 2.jpg in Resources */ = {isa = PBXBuildFile; fileRef = 9344D14E2AD4DBB700F42953 /* 2.jpg */; };
/* End PBXBuildFile section */

/* Begin PBXFileReference section */
		9344D12D2AD4DB5E00F42953 /* PickerView.app */ = {isa = PBXFileReference; explicitFileType = wrapper.application; includeInIndex = 0; path = PickerView.app; sourceTree = BUILT_PRODUCTS_DIR; };
		9344D1302AD4DB5E00F42953 /* AppDelegate.swift */ = {isa = PBXFileReference; lastKnownFileType = sourcecode.swift; path = AppDelegate.swift; sourceTree = "<group>"; };
		9344D1322AD4DB5E00F42953 /* SceneDelegate.swift */ = {isa = PBXFileReference; lastKnownFileType = sourcecode.swift; path = SceneDelegate.swift; sourceTree = "<group>"; };
		9344D1342AD4DB5E00F42953 /* ViewController.swift */ = {isa = PBXFileReference; lastKnownFileType = sourcecode.swift; path = ViewController.swift; sourceTree = "<group>"; };
		9344D1372AD4DB5E00F42953 /* Base */ = {isa = PBXFileReference; lastKnownFileType = file.storyboard; name = Base; path = Base.lproj/Main.storyboard; sourceTree = "<group>"; };
		9344D1392AD4DB5F00F42953 /* Assets.xcassets */ = {isa = PBXFileReference; lastKnownFileType = folder.assetcatalog; path = Assets.xcassets; sourceTree = "<group>"; };
		9344D13C2AD4DB5F00F42953 /* Base */ = {isa = PBXFileReference; lastKnownFileType = file.storyboard; name = Base; path = Base.lproj/LaunchScreen.storyboard; sourceTree = "<group>"; };
		9344D13E2AD4DB5F00F42953 /* Info.plist */ = {isa = PBXFileReference; lastKnownFileType = text.plist.xml; path = Info.plist; sourceTree = "<group>"; };
		9344D1452AD4DBB600F42953 /* 5.jpg */ = {isa = PBXFileReference; lastKnownFileType = image.jpeg; path = 5.jpg; sourceTree = "<group>"; };
		9344D1462AD4DBB600F42953 /* 4.jpg */ = {isa = PBXFileReference; lastKnownFileType = image.jpeg; path = 4.jpg; sourceTree = "<group>"; };
		9344D1472AD4DBB600F42953 /* 8.jpg */ = {isa = PBXFileReference; lastKnownFileType = image.jpeg; path = 8.jpg; sourceTree = "<group>"; };
		9344D1482AD4DBB600F42953 /* 1.jpg */ = {isa = PBXFileReference; lastKnownFileType = image.jpeg; path = 1.jpg; sourceTree = "<group>"; };
		9344D1492AD4DBB700F42953 /* 10.jpg */ = {isa = PBXFileReference; lastKnownFileType = image.jpeg; path = 10.jpg; sourceTree = "<group>"; };
		9344D14A2AD4DBB700F42953 /* 7.jpg */ = {isa = PBXFileReference; lastKnownFileType = image.jpeg; path = 7.jpg; sourceTree = "<group>"; };
		9344D14B2AD4DBB700F42953 /* 3.jpg */ = {isa = PBXFileReference; lastKnownFileType = image.jpeg; path = 3.jpg; sourceTree = "<group>"; };
		9344D14C2AD4DBB700F42953 /* 9.jpg */ = {isa = PBXFileReference; lastKnownFileType = image.jpeg; path = 9.jpg; sourceTree = "<group>"; };
		9344D14D2AD4DBB700F42953 /* 6.jpg */ = {isa = PBXFileReference; lastKnownFileType = image.jpeg; path = 6.jpg; sourceTree = "<group>"; };
		9344D14E2AD4DBB700F42953 /* 2.jpg */ = {isa = PBXFileReference; lastKnownFileType = image.jpeg; path = 2.jpg; sourceTree = "<group>"; };
/* End PBXFileReference section */

/* Begin PBXFrameworksBuildPhase section */
		9344D12A2AD4DB5E00F42953 /* Frameworks */ = {
			isa = PBXFrameworksBuildPhase;
			buildActionMask = 2147483647;
			files = (
			);
			runOnlyForDeploymentPostprocessing = 0;
		};
/* End PBXFrameworksBuildPhase section */

/* Begin PBXGroup section */
		9344D1242AD4DB5E00F42953 = {
			isa = PBXGroup;
			children = (
				9344D12F2AD4DB5E00F42953 /* PickerView */,
				9344D12E2AD4DB5E00F42953 /* Products */,
			);
			sourceTree = "<group>";
		};
		9344D12E2AD4DB5E00F42953 /* Products */ = {
			isa = PBXGroup;
			children = (
				9344D12D2AD4DB5E00F42953 /* PickerView.app */,
			);
			name = Products;
			sourceTree = "<group>";
		};
		9344D12F2AD4DB5E00F42953 /* PickerView */ = {
			isa = PBXGroup;
			children = (
				9344D1442AD4DB8000F42953 /* Images */,
				9344D1302AD4DB5E00F42953 /* AppDelegate.swift */,
				9344D1322AD4DB5E00F42953 /* SceneDelegate.swift */,
				9344D1342AD4DB5E00F42953 /* ViewController.swift */,
				9344D1362AD4DB5E00F42953 /* Main.storyboard */,
				9344D1392AD4DB5F00F42953 /* Assets.xcassets */,
				9344D13B2AD4DB5F00F42953 /* LaunchScreen.storyboard */,
				9344D13E2AD4DB5F00F42953 /* Info.plist */,
			);
			path = PickerView;
			sourceTree = "<group>";
		};
		9344D1442AD4DB8000F42953 /* Images */ = {
			isa = PBXGroup;
			children = (
				9344D1482AD4DBB600F42953 /* 1.jpg */,
				9344D14E2AD4DBB700F42953 /* 2.jpg */,
				9344D14B2AD4DBB700F42953 /* 3.jpg */,
				9344D1462AD4DBB600F42953 /* 4.jpg */,
				9344D1452AD4DBB600F42953 /* 5.jpg */,
				9344D14D2AD4DBB700F42953 /* 6.jpg */,
				9344D14A2AD4DBB700F42953 /* 7.jpg */,
				9344D1472AD4DBB600F42953 /* 8.jpg */,
				9344D14C2AD4DBB700F42953 /* 9.jpg */,
				9344D1492AD4DBB700F42953 /* 10.jpg */,
			);
			path = Images;
			sourceTree = "<group>";
		};
/* End PBXGroup section */

/* Begin PBXNativeTarget section */
		9344D12C2AD4DB5E00F42953 /* PickerView */ = {
			isa = PBXNativeTarget;
			buildConfigurationList = 9344D1412AD4DB5F00F42953 /* Build configuration list for PBXNativeTarget "PickerView" */;
			buildPhases = (
				9344D1292AD4DB5E00F42953 /* Sources */,
				9344D12A2AD4DB5E00F42953 /* Frameworks */,
				9344D12B2AD4DB5E00F42953 /* Resources */,
			);
			buildRules = (
			);
			dependencies = (
			);
			name = PickerView;
			productName = PickerView;
			productReference = 9344D12D2AD4DB5E00F42953 /* PickerView.app */;
			productType = "com.apple.product-type.application";
		};
/* End PBXNativeTarget section */

/* Begin PBXProject section */
		9344D1252AD4DB5E00F42953 /* Project object */ = {
			isa = PBXProject;
			attributes = {
				BuildIndependentTargetsInParallel = 1;
				LastSwiftUpdateCheck = 1420;
				LastUpgradeCheck = 1420;
				TargetAttributes = {
					9344D12C2AD4DB5E00F42953 = {
						CreatedOnToolsVersion = 14.2;
					};
				};
			};
			buildConfigurationList = 9344D1282AD4DB5E00F42953 /* Build configuration list for PBXProject "PickerView" */;
			compatibilityVersion = "Xcode 14.0";
			developmentRegion = en;
			hasScannedForEncodings = 0;
			knownRegions = (
				en,
				Base,
			);
			mainGroup = 9344D1242AD4DB5E00F42953;
			productRefGroup = 9344D12E2AD4DB5E00F42953 /* Products */;
			projectDirPath = "";
			projectRoot = "";
			targets = (
				9344D12C2AD4DB5E00F42953 /* PickerView */,
			);
		};
/* End PBXProject section */

/* Begin PBXResourcesBuildPhase section */
		9344D12B2AD4DB5E00F42953 /* Resources */ = {
			isa = PBXResourcesBuildPhase;
			buildActionMask = 2147483647;
			files = (
				9344D1562AD4DBB700F42953 /* 9.jpg in Resources */,
				9344D1512AD4DBB700F42953 /* 8.jpg in Resources */,
				9344D13D2AD4DB5F00F42953 /* LaunchScreen.storyboard in Resources */,
				9344D14F2AD4DBB700F42953 /* 5.jpg in Resources */,
				9344D13A2AD4DB5F00F42953 /* Assets.xcassets in Resources */,
				9344D1502AD4DBB700F42953 /* 4.jpg in Resources */,
				9344D1572AD4DBB700F42953 /* 6.jpg in Resources */,
				9344D1552AD4DBB700F42953 /* 3.jpg in Resources */,
				9344D1382AD4DB5E00F42953 /* Main.storyboard in Resources */,
				9344D1582AD4DBB700F42953 /* 2.jpg in Resources */,
				9344D1542AD4DBB700F42953 /* 7.jpg in Resources */,
				9344D1532AD4DBB700F42953 /* 10.jpg in Resources */,
				9344D1522AD4DBB700F42953 /* 1.jpg in Resources */,
			);
			runOnlyForDeploymentPostprocessing = 0;
		};
/* End PBXResourcesBuildPhase section */

/* Begin PBXSourcesBuildPhase section */
		9344D1292AD4DB5E00F42953 /* Sources */ = {
			isa = PBXSourcesBuildPhase;
			buildActionMask = 2147483647;
			files = (
				9344D1352AD4DB5E00F42953 /* ViewController.swift in Sources */,
				9344D1312AD4DB5E00F42953 /* AppDelegate.swift in Sources */,
				9344D1332AD4DB5E00F42953 /* SceneDelegate.swift in Sources */,
			);
			runOnlyForDeploymentPostprocessing = 0;
		};
/* End PBXSourcesBuildPhase section */

/* Begin PBXVariantGroup section */
		9344D1362AD4DB5E00F42953 /* Main.storyboard */ = {
			isa = PBXVariantGroup;
			children = (
				9344D1372AD4DB5E00F42953 /* Base */,
			);
			name = Main.storyboard;
			sourceTree = "<group>";
		};
		9344D13B2AD4DB5F00F42953 /* LaunchScreen.storyboard */ = {
			isa = PBXVariantGroup;
			children = (
				9344D13C2AD4DB5F00F42953 /* Base */,
			);
			name = LaunchScreen.storyboard;
			sourceTree = "<group>";
		};
/* End PBXVariantGroup section */

/* Begin XCBuildConfiguration section */
		9344D13F2AD4DB5F00F42953 /* Debug */ = {
			isa = XCBuildConfiguration;
			buildSettings = {
				ALWAYS_SEARCH_USER_PATHS = NO;
				CLANG_ANALYZER_NONNULL = YES;
				CLANG_ANALYZER_NUMBER_OBJECT_CONVERSION = YES_AGGRESSIVE;
				CLANG_CXX_LANGUAGE_STANDARD = "gnu++20";
				CLANG_ENABLE_MODULES = YES;
				CLANG_ENABLE_OBJC_ARC = YES;
				CLANG_ENABLE_OBJC_WEAK = YES;
				CLANG_WARN_BLOCK_CAPTURE_AUTORELEASING = YES;
				CLANG_WARN_BOOL_CONVERSION = YES;
				CLANG_WARN_COMMA = YES;
				CLANG_WARN_CONSTANT_CONVERSION = YES;
				CLANG_WARN_DEPRECATED_OBJC_IMPLEMENTATIONS = YES;
				CLANG_WARN_DIRECT_OBJC_ISA_USAGE = YES_ERROR;
				CLANG_WARN_DOCUMENTATION_COMMENTS = YES;
				CLANG_WARN_EMPTY_BODY = YES;
				CLANG_WARN_ENUM_CONVERSION = YES;
				CLANG_WARN_INFINITE_RECURSION = YES;
				CLANG_WARN_INT_CONVERSION = YES;
				CLANG_WARN_NON_LITERAL_NULL_CONVERSION = YES;
				CLANG_WARN_OBJC_IMPLICIT_RETAIN_SELF = YES;
				CLANG_WARN_OBJC_LITERAL_CONVERSION = YES;
				CLANG_WARN_OBJC_ROOT_CLASS = YES_ERROR;
				CLANG_WARN_QUOTED_INCLUDE_IN_FRAMEWORK_HEADER = YES;
				CLANG_WARN_RANGE_LOOP_ANALYSIS = YES;
				CLANG_WARN_STRICT_PROTOTYPES = YES;
				CLANG_WARN_SUSPICIOUS_MOVE = YES;
				CLANG_WARN_UNGUARDED_AVAILABILITY = YES_AGGRESSIVE;
				CLANG_WARN_UNREACHABLE_CODE = YES;
				CLANG_WARN__DUPLICATE_METHOD_MATCH = YES;
				COPY_PHASE_STRIP = NO;
				DEBUG_INFORMATION_FORMAT = dwarf;
				ENABLE_STRICT_OBJC_MSGSEND = YES;
				ENABLE_TESTABILITY = YES;
				GCC_C_LANGUAGE_STANDARD = gnu11;
				GCC_DYNAMIC_NO_PIC = NO;
				GCC_NO_COMMON_BLOCKS = YES;
				GCC_OPTIMIZATION_LEVEL = 0;
				GCC_PREPROCESSOR_DEFINITIONS = (
					"DEBUG=1",
					"$(inherited)",
				);
				GCC_WARN_64_TO_32_BIT_CONVERSION = YES;
				GCC_WARN_ABOUT_RETURN_TYPE = YES_ERROR;
				GCC_WARN_UNDECLARED_SELECTOR = YES;
				GCC_WARN_UNINITIALIZED_AUTOS = YES_AGGRESSIVE;
				GCC_WARN_UNUSED_FUNCTION = YES;
				GCC_WARN_UNUSED_VARIABLE = YES;
				IPHONEOS_DEPLOYMENT_TARGET = 16.2;
				MTL_ENABLE_DEBUG_INFO = INCLUDE_SOURCE;
				MTL_FAST_MATH = YES;
				ONLY_ACTIVE_ARCH = YES;
				SDKROOT = iphoneos;
				SWIFT_ACTIVE_COMPILATION_CONDITIONS = DEBUG;
				SWIFT_OPTIMIZATION_LEVEL = "-Onone";
			};
			name = Debug;
		};
		9344D1402AD4DB5F00F42953 /* Release */ = {
			isa = XCBuildConfiguration;
			buildSettings = {
				ALWAYS_SEARCH_USER_PATHS = NO;
				CLANG_ANALYZER_NONNULL = YES;
				CLANG_ANALYZER_NUMBER_OBJECT_CONVERSION = YES_AGGRESSIVE;
				CLANG_CXX_LANGUAGE_STANDARD = "gnu++20";
				CLANG_ENABLE_MODULES = YES;
				CLANG_ENABLE_OBJC_ARC = YES;
				CLANG_ENABLE_OBJC_WEAK = YES;
				CLANG_WARN_BLOCK_CAPTURE_AUTORELEASING = YES;
				CLANG_WARN_BOOL_CONVERSION = YES;
				CLANG_WARN_COMMA = YES;
				CLANG_WARN_CONSTANT_CONVERSION = YES;
				CLANG_WARN_DEPRECATED_OBJC_IMPLEMENTATIONS = YES;
				CLANG_WARN_DIRECT_OBJC_ISA_USAGE = YES_ERROR;
				CLANG_WARN_DOCUMENTATION_COMMENTS = YES;
				CLANG_WARN_EMPTY_BODY = YES;
				CLANG_WARN_ENUM_CONVERSION = YES;
				CLANG_WARN_INFINITE_RECURSION = YES;
				CLANG_WARN_INT_CONVERSION = YES;
				CLANG_WARN_NON_LITERAL_NULL_CONVERSION = YES;
				CLANG_WARN_OBJC_IMPLICIT_RETAIN_SELF = YES;
				CLANG_WARN_OBJC_LITERAL_CONVERSION = YES;
				CLANG_WARN_OBJC_ROOT_CLASS = YES_ERROR;
				CLANG_WARN_QUOTED_INCLUDE_IN_FRAMEWORK_HEADER = YES;
				CLANG_WARN_RANGE_LOOP_ANALYSIS = YES;
				CLANG_WARN_STRICT_PROTOTYPES = YES;
				CLANG_WARN_SUSPICIOUS_MOVE = YES;
				CLANG_WARN_UNGUARDED_AVAILABILITY = YES_AGGRESSIVE;
				CLANG_WARN_UNREACHABLE_CODE = YES;
				CLANG_WARN__DUPLICATE_METHOD_MATCH = YES;
				COPY_PHASE_STRIP = NO;
				DEBUG_INFORMATION_FORMAT = "dwarf-with-dsym";
				ENABLE_NS_ASSERTIONS = NO;
				ENABLE_STRICT_OBJC_MSGSEND = YES;
				GCC_C_LANGUAGE_STANDARD = gnu11;
				GCC_NO_COMMON_BLOCKS = YES;
				GCC_WARN_64_TO_32_BIT_CONVERSION = YES;
				GCC_WARN_ABOUT_RETURN_TYPE = YES_ERROR;
				GCC_WARN_UNDECLARED_SELECTOR = YES;
				GCC_WARN_UNINITIALIZED_AUTOS = YES_AGGRESSIVE;
				GCC_WARN_UNUSED_FUNCTION = YES;
				GCC_WARN_UNUSED_VARIABLE = YES;
				IPHONEOS_DEPLOYMENT_TARGET = 16.2;
				MTL_ENABLE_DEBUG_INFO = NO;
				MTL_FAST_MATH = YES;
				SDKROOT = iphoneos;
				SWIFT_COMPILATION_MODE = wholemodule;
				SWIFT_OPTIMIZATION_LEVEL = "-O";
				VALIDATE_PRODUCT = YES;
			};
			name = Release;
		};
		9344D1422AD4DB5F00F42953 /* Debug */ = {
			isa = XCBuildConfiguration;
			buildSettings = {
				ASSETCATALOG_COMPILER_APPICON_NAME = AppIcon;
				ASSETCATALOG_COMPILER_GLOBAL_ACCENT_COLOR_NAME = AccentColor;
				CODE_SIGN_STYLE = Automatic;
				CURRENT_PROJECT_VERSION = 1;
				GENERATE_INFOPLIST_FILE = YES;
				INFOPLIST_FILE = PickerView/Info.plist;
				INFOPLIST_KEY_UIApplicationSupportsIndirectInputEvents = YES;
				INFOPLIST_KEY_UILaunchStoryboardName = LaunchScreen;
				INFOPLIST_KEY_UIMainStoryboardFile = Main;
				INFOPLIST_KEY_UISupportedInterfaceOrientations_iPad = "UIInterfaceOrientationPortrait UIInterfaceOrientationPortraitUpsideDown UIInterfaceOrientationLandscapeLeft UIInterfaceOrientationLandscapeRight";
				INFOPLIST_KEY_UISupportedInterfaceOrientations_iPhone = "UIInterfaceOrientationPortrait UIInterfaceOrientationLandscapeLeft UIInterfaceOrientationLandscapeRight";
				LD_RUNPATH_SEARCH_PATHS = (
					"$(inherited)",
					"@executable_path/Frameworks",
				);
				MARKETING_VERSION = 1.0;
				PRODUCT_BUNDLE_IDENTIFIER = com.hello.PickerView;
				PRODUCT_NAME = "$(TARGET_NAME)";
				SWIFT_EMIT_LOC_STRINGS = YES;
				SWIFT_VERSION = 5.0;
				TARGETED_DEVICE_FAMILY = "1,2";
			};
			name = Debug;
		};
		9344D1432AD4DB5F00F42953 /* Release */ = {
			isa = XCBuildConfiguration;
			buildSettings = {
				ASSETCATALOG_COMPILER_APPICON_NAME = AppIcon;
				ASSETCATALOG_COMPILER_GLOBAL_ACCENT_COLOR_NAME = AccentColor;
				CODE_SIGN_STYLE = Automatic;
				CURRENT_PROJECT_VERSION = 1;
				GENERATE_INFOPLIST_FILE = YES;
				INFOPLIST_FILE = PickerView/Info.plist;
				INFOPLIST_KEY_UIApplicationSupportsIndirectInputEvents = YES;
				INFOPLIST_KEY_UILaunchStoryboardName = LaunchScreen;
				INFOPLIST_KEY_UIMainStoryboardFile = Main;
				INFOPLIST_KEY_UISupportedInterfaceOrientations_iPad = "UIInterfaceOrientationPortrait UIInterfaceOrientationPortraitUpsideDown UIInterfaceOrientationLandscapeLeft UIInterfaceOrientationLandscapeRight";
				INFOPLIST_KEY_UISupportedInterfaceOrientations_iPhone = "UIInterfaceOrientationPortrait UIInterfaceOrientationLandscapeLeft UIInterfaceOrientationLandscapeRight";
				LD_RUNPATH_SEARCH_PATHS = (
					"$(inherited)",
					"@executable_path/Frameworks",
				);
				MARKETING_VERSION = 1.0;
				PRODUCT_BUNDLE_IDENTIFIER = com.hello.PickerView;
				PRODUCT_NAME = "$(TARGET_NAME)";
				SWIFT_EMIT_LOC_STRINGS = YES;
				SWIFT_VERSION = 5.0;
				TARGETED_DEVICE_FAMILY = "1,2";
			};
			name = Release;
		};
/* End XCBuildConfiguration section */

/* Begin XCConfigurationList section */
		9344D1282AD4DB5E00F42953 /* Build configuration list for PBXProject "PickerView" */ = {
			isa = XCConfigurationList;
			buildConfigurations = (
				9344D13F2AD4DB5F00F42953 /* Debug */,
				9344D1402AD4DB5F00F42953 /* Release */,
			);
			defaultConfigurationIsVisible = 0;
			defaultConfigurationName = Release;
		};
		9344D1412AD4DB5F00F42953 /* Build configuration list for PBXNativeTarget "PickerView" */ = {
			isa = XCConfigurationList;
			buildConfigurations = (
				9344D1422AD4DB5F00F42953 /* Debug */,
				9344D1432AD4DB5F00F42953 /* Release */,
			);
			defaultConfigurationIsVisible = 0;
			defaultConfigurationName = Release;
		};
/* End XCConfigurationList section */
	};
	rootObject = 9344D1252AD4DB5E00F42953 /* Project object */;
}
