// !$*UTF8*$!
{
	archiveVersion = 1;
	classes = {
	};
	objectVersion = 56;
	objects = {

/* Begin PBXBuildFile section */
		9353C4A72AF9B74D00ECA413 /* AppDelegate.swift in Sources */ = {isa = PBXBuildFile; fileRef = 9353C4A62AF9B74D00ECA413 /* AppDelegate.swift */; };
		9353C4A92AF9B74D00ECA413 /* SceneDelegate.swift in Sources */ = {isa = PBXBuildFile; fileRef = 9353C4A82AF9B74D00ECA413 /* SceneDelegate.swift */; };
		9353C4AB2AF9B74D00ECA413 /* ViewController.swift in Sources */ = {isa = PBXBuildFile; fileRef = 9353C4AA2AF9B74D00ECA413 /* ViewController.swift */; };
		9353C4AE2AF9B74D00ECA413 /* Main.storyboard in Resources */ = {isa = PBXBuildFile; fileRef = 9353C4AC2AF9B74D00ECA413 /* Main.storyboard */; };
		9353C4B02AF9B74E00ECA413 /* Assets.xcassets in Resources */ = {isa = PBXBuildFile; fileRef = 9353C4AF2AF9B74E00ECA413 /* Assets.xcassets */; };
		9353C4B32AF9B74E00ECA413 /* LaunchScreen.storyboard in Resources */ = {isa = PBXBuildFile; fileRef = 9353C4B12AF9B74E00ECA413 /* LaunchScreen.storyboard */; };
		9353C4BB2AF9B86200ECA413 /* RedViewController.swift in Sources */ = {isa = PBXBuildFile; fileRef = 9353C4BA2AF9B86200ECA413 /* RedViewController.swift */; };
		9353C4BD2AF9B87900ECA413 /* BlueViewController.swift in Sources */ = {isa = PBXBuildFile; fileRef = 9353C4BC2AF9B87900ECA413 /* BlueViewController.swift */; };
/* End PBXBuildFile section */

/* Begin PBXFileReference section */
		9353C4A32AF9B74D00ECA413 /* TabBarReview.app */ = {isa = PBXFileReference; explicitFileType = wrapper.application; includeInIndex = 0; path = TabBarReview.app; sourceTree = BUILT_PRODUCTS_DIR; };
		9353C4A62AF9B74D00ECA413 /* AppDelegate.swift */ = {isa = PBXFileReference; lastKnownFileType = sourcecode.swift; path = AppDelegate.swift; sourceTree = "<group>"; };
		9353C4A82AF9B74D00ECA413 /* SceneDelegate.swift */ = {isa = PBXFileReference; lastKnownFileType = sourcecode.swift; path = SceneDelegate.swift; sourceTree = "<group>"; };
		9353C4AA2AF9B74D00ECA413 /* ViewController.swift */ = {isa = PBXFileReference; lastKnownFileType = sourcecode.swift; path = ViewController.swift; sourceTree = "<group>"; };
		9353C4AD2AF9B74D00ECA413 /* Base */ = {isa = PBXFileReference; lastKnownFileType = file.storyboard; name = Base; path = Base.lproj/Main.storyboard; sourceTree = "<group>"; };
		9353C4AF2AF9B74E00ECA413 /* Assets.xcassets */ = {isa = PBXFileReference; lastKnownFileType = folder.assetcatalog; path = Assets.xcassets; sourceTree = "<group>"; };
		9353C4B22AF9B74E00ECA413 /* Base */ = {isa = PBXFileReference; lastKnownFileType = file.storyboard; name = Base; path = Base.lproj/LaunchScreen.storyboard; sourceTree = "<group>"; };
		9353C4B42AF9B74E00ECA413 /* Info.plist */ = {isa = PBXFileReference; lastKnownFileType = text.plist.xml; path = Info.plist; sourceTree = "<group>"; };
		9353C4BA2AF9B86200ECA413 /* RedViewController.swift */ = {isa = PBXFileReference; lastKnownFileType = sourcecode.swift; path = RedViewController.swift; sourceTree = "<group>"; };
		9353C4BC2AF9B87900ECA413 /* BlueViewController.swift */ = {isa = PBXFileReference; lastKnownFileType = sourcecode.swift; path = BlueViewController.swift; sourceTree = "<group>"; };
/* End PBXFileReference section */

/* Begin PBXFrameworksBuildPhase section */
		9353C4A02AF9B74D00ECA413 /* Frameworks */ = {
			isa = PBXFrameworksBuildPhase;
			buildActionMask = 2147483647;
			files = (
			);
			runOnlyForDeploymentPostprocessing = 0;
		};
/* End PBXFrameworksBuildPhase section */

/* Begin PBXGroup section */
		9353C49A2AF9B74D00ECA413 = {
			isa = PBXGroup;
			children = (
				9353C4A52AF9B74D00ECA413 /* TabBarReview */,
				9353C4A42AF9B74D00ECA413 /* Products */,
			);
			sourceTree = "<group>";
		};
		9353C4A42AF9B74D00ECA413 /* Products */ = {
			isa = PBXGroup;
			children = (
				9353C4A32AF9B74D00ECA413 /* TabBarReview.app */,
			);
			name = Products;
			sourceTree = "<group>";
		};
		9353C4A52AF9B74D00ECA413 /* TabBarReview */ = {
			isa = PBXGroup;
			children = (
				9353C4A62AF9B74D00ECA413 /* AppDelegate.swift */,
				9353C4A82AF9B74D00ECA413 /* SceneDelegate.swift */,
				9353C4AA2AF9B74D00ECA413 /* ViewController.swift */,
				9353C4AC2AF9B74D00ECA413 /* Main.storyboard */,
				9353C4AF2AF9B74E00ECA413 /* Assets.xcassets */,
				9353C4B12AF9B74E00ECA413 /* LaunchScreen.storyboard */,
				9353C4B42AF9B74E00ECA413 /* Info.plist */,
				9353C4BA2AF9B86200ECA413 /* RedViewController.swift */,
				9353C4BC2AF9B87900ECA413 /* BlueViewController.swift */,
			);
			path = TabBarReview;
			sourceTree = "<group>";
		};
/* End PBXGroup section */

/* Begin PBXNativeTarget section */
		9353C4A22AF9B74D00ECA413 /* TabBarReview */ = {
			isa = PBXNativeTarget;
			buildConfigurationList = 9353C4B72AF9B74E00ECA413 /* Build configuration list for PBXNativeTarget "TabBarReview" */;
			buildPhases = (
				9353C49F2AF9B74D00ECA413 /* Sources */,
				9353C4A02AF9B74D00ECA413 /* Frameworks */,
				9353C4A12AF9B74D00ECA413 /* Resources */,
			);
			buildRules = (
			);
			dependencies = (
			);
			name = TabBarReview;
			productName = TabBarReview;
			productReference = 9353C4A32AF9B74D00ECA413 /* TabBarReview.app */;
			productType = "com.apple.product-type.application";
		};
/* End PBXNativeTarget section */

/* Begin PBXProject section */
		9353C49B2AF9B74D00ECA413 /* Project object */ = {
			isa = PBXProject;
			attributes = {
				BuildIndependentTargetsInParallel = 1;
				LastSwiftUpdateCheck = 1420;
				LastUpgradeCheck = 1420;
				TargetAttributes = {
					9353C4A22AF9B74D00ECA413 = {
						CreatedOnToolsVersion = 14.2;
					};
				};
			};
			buildConfigurationList = 9353C49E2AF9B74D00ECA413 /* Build configuration list for PBXProject "TabBarReview" */;
			compatibilityVersion = "Xcode 14.0";
			developmentRegion = en;
			hasScannedForEncodings = 0;
			knownRegions = (
				en,
				Base,
			);
			mainGroup = 9353C49A2AF9B74D00ECA413;
			productRefGroup = 9353C4A42AF9B74D00ECA413 /* Products */;
			projectDirPath = "";
			projectRoot = "";
			targets = (
				9353C4A22AF9B74D00ECA413 /* TabBarReview */,
			);
		};
/* End PBXProject section */

/* Begin PBXResourcesBuildPhase section */
		9353C4A12AF9B74D00ECA413 /* Resources */ = {
			isa = PBXResourcesBuildPhase;
			buildActionMask = 2147483647;
			files = (
				9353C4B32AF9B74E00ECA413 /* LaunchScreen.storyboard in Resources */,
				9353C4B02AF9B74E00ECA413 /* Assets.xcassets in Resources */,
				9353C4AE2AF9B74D00ECA413 /* Main.storyboard in Resources */,
			);
			runOnlyForDeploymentPostprocessing = 0;
		};
/* End PBXResourcesBuildPhase section */

/* Begin PBXSourcesBuildPhase section */
		9353C49F2AF9B74D00ECA413 /* Sources */ = {
			isa = PBXSourcesBuildPhase;
			buildActionMask = 2147483647;
			files = (
				9353C4BB2AF9B86200ECA413 /* RedViewController.swift in Sources */,
				9353C4AB2AF9B74D00ECA413 /* ViewController.swift in Sources */,
				9353C4A72AF9B74D00ECA413 /* AppDelegate.swift in Sources */,
				9353C4BD2AF9B87900ECA413 /* BlueViewController.swift in Sources */,
				9353C4A92AF9B74D00ECA413 /* SceneDelegate.swift in Sources */,
			);
			runOnlyForDeploymentPostprocessing = 0;
		};
/* End PBXSourcesBuildPhase section */

/* Begin PBXVariantGroup section */
		9353C4AC2AF9B74D00ECA413 /* Main.storyboard */ = {
			isa = PBXVariantGroup;
			children = (
				9353C4AD2AF9B74D00ECA413 /* Base */,
			);
			name = Main.storyboard;
			sourceTree = "<group>";
		};
		9353C4B12AF9B74E00ECA413 /* LaunchScreen.storyboard */ = {
			isa = PBXVariantGroup;
			children = (
				9353C4B22AF9B74E00ECA413 /* Base */,
			);
			name = LaunchScreen.storyboard;
			sourceTree = "<group>";
		};
/* End PBXVariantGroup section */

/* Begin XCBuildConfiguration section */
		9353C4B52AF9B74E00ECA413 /* Debug */ = {
			isa = XCBuildConfiguration;
			buildSettings = {
				ALWAYS_SEARCH_USER_PATHS = NO;
				CLANG_ANALYZER_NONNULL = YES;
				CLANG_ANALYZER_NUMBER_OBJECT_CONVERSION = YES_AGGRESSIVE;
				CLANG_CXX_LANGUAGE_STANDARD = "gnu++20";
				CLANG_ENABLE_MODULES = YES;
				CLANG_ENABLE_OBJC_ARC = YES;
				CLANG_ENABLE_OBJC_WEAK = YES;
				CLANG_WARN_BLOCK_CAPTURE_AUTORELEASING = YES;
				CLANG_WARN_BOOL_CONVERSION = YES;
				CLANG_WARN_COMMA = YES;
				CLANG_WARN_CONSTANT_CONVERSION = YES;
				CLANG_WARN_DEPRECATED_OBJC_IMPLEMENTATIONS = YES;
				CLANG_WARN_DIRECT_OBJC_ISA_USAGE = YES_ERROR;
				CLANG_WARN_DOCUMENTATION_COMMENTS = YES;
				CLANG_WARN_EMPTY_BODY = YES;
				CLANG_WARN_ENUM_CONVERSION = YES;
				CLANG_WARN_INFINITE_RECURSION = YES;
				CLANG_WARN_INT_CONVERSION = YES;
				CLANG_WARN_NON_LITERAL_NULL_CONVERSION = YES;
				CLANG_WARN_OBJC_IMPLICIT_RETAIN_SELF = YES;
				CLANG_WARN_OBJC_LITERAL_CONVERSION = YES;
				CLANG_WARN_OBJC_ROOT_CLASS = YES_ERROR;
				CLANG_WARN_QUOTED_INCLUDE_IN_FRAMEWORK_HEADER = YES;
				CLANG_WARN_RANGE_LOOP_ANALYSIS = YES;
				CLANG_WARN_STRICT_PROTOTYPES = YES;
				CLANG_WARN_SUSPICIOUS_MOVE = YES;
				CLANG_WARN_UNGUARDED_AVAILABILITY = YES_AGGRESSIVE;
				CLANG_WARN_UNREACHABLE_CODE = YES;
				CLANG_WARN__DUPLICATE_METHOD_MATCH = YES;
				COPY_PHASE_STRIP = NO;
				DEBUG_INFORMATION_FORMAT = dwarf;
				ENABLE_STRICT_OBJC_MSGSEND = YES;
				ENABLE_TESTABILITY = YES;
				GCC_C_LANGUAGE_STANDARD = gnu11;
				GCC_DYNAMIC_NO_PIC = NO;
				GCC_NO_COMMON_BLOCKS = YES;
				GCC_OPTIMIZATION_LEVEL = 0;
				GCC_PREPROCESSOR_DEFINITIONS = (
					"DEBUG=1",
					"$(inherited)",
				);
				GCC_WARN_64_TO_32_BIT_CONVERSION = YES;
				GCC_WARN_ABOUT_RETURN_TYPE = YES_ERROR;
				GCC_WARN_UNDECLARED_SELECTOR = YES;
				GCC_WARN_UNINITIALIZED_AUTOS = YES_AGGRESSIVE;
				GCC_WARN_UNUSED_FUNCTION = YES;
				GCC_WARN_UNUSED_VARIABLE = YES;
				IPHONEOS_DEPLOYMENT_TARGET = 16.2;
				MTL_ENABLE_DEBUG_INFO = INCLUDE_SOURCE;
				MTL_FAST_MATH = YES;
				ONLY_ACTIVE_ARCH = YES;
				SDKROOT = iphoneos;
				SWIFT_ACTIVE_COMPILATION_CONDITIONS = DEBUG;
				SWIFT_OPTIMIZATION_LEVEL = "-Onone";
			};
			name = Debug;
		};
		9353C4B62AF9B74E00ECA413 /* Release */ = {
			isa = XCBuildConfiguration;
			buildSettings = {
				ALWAYS_SEARCH_USER_PATHS = NO;
				CLANG_ANALYZER_NONNULL = YES;
				CLANG_ANALYZER_NUMBER_OBJECT_CONVERSION = YES_AGGRESSIVE;
				CLANG_CXX_LANGUAGE_STANDARD = "gnu++20";
				CLANG_ENABLE_MODULES = YES;
				CLANG_ENABLE_OBJC_ARC = YES;
				CLANG_ENABLE_OBJC_WEAK = YES;
				CLANG_WARN_BLOCK_CAPTURE_AUTORELEASING = YES;
				CLANG_WARN_BOOL_CONVERSION = YES;
				CLANG_WARN_COMMA = YES;
				CLANG_WARN_CONSTANT_CONVERSION = YES;
				CLANG_WARN_DEPRECATED_OBJC_IMPLEMENTATIONS = YES;
				CLANG_WARN_DIRECT_OBJC_ISA_USAGE = YES_ERROR;
				CLANG_WARN_DOCUMENTATION_COMMENTS = YES;
				CLANG_WARN_EMPTY_BODY = YES;
				CLANG_WARN_ENUM_CONVERSION = YES;
				CLANG_WARN_INFINITE_RECURSION = YES;
				CLANG_WARN_INT_CONVERSION = YES;
				CLANG_WARN_NON_LITERAL_NULL_CONVERSION = YES;
				CLANG_WARN_OBJC_IMPLICIT_RETAIN_SELF = YES;
				CLANG_WARN_OBJC_LITERAL_CONVERSION = YES;
				CLANG_WARN_OBJC_ROOT_CLASS = YES_ERROR;
				CLANG_WARN_QUOTED_INCLUDE_IN_FRAMEWORK_HEADER = YES;
				CLANG_WARN_RANGE_LOOP_ANALYSIS = YES;
				CLANG_WARN_STRICT_PROTOTYPES = YES;
				CLANG_WARN_SUSPICIOUS_MOVE = YES;
				CLANG_WARN_UNGUARDED_AVAILABILITY = YES_AGGRESSIVE;
				CLANG_WARN_UNREACHABLE_CODE = YES;
				CLANG_WARN__DUPLICATE_METHOD_MATCH = YES;
				COPY_PHASE_STRIP = NO;
				DEBUG_INFORMATION_FORMAT = "dwarf-with-dsym";
				ENABLE_NS_ASSERTIONS = NO;
				ENABLE_STRICT_OBJC_MSGSEND = YES;
				GCC_C_LANGUAGE_STANDARD = gnu11;
				GCC_NO_COMMON_BLOCKS = YES;
				GCC_WARN_64_TO_32_BIT_CONVERSION = YES;
				GCC_WARN_ABOUT_RETURN_TYPE = YES_ERROR;
				GCC_WARN_UNDECLARED_SELECTOR = YES;
				GCC_WARN_UNINITIALIZED_AUTOS = YES_AGGRESSIVE;
				GCC_WARN_UNUSED_FUNCTION = YES;
				GCC_WARN_UNUSED_VARIABLE = YES;
				IPHONEOS_DEPLOYMENT_TARGET = 16.2;
				MTL_ENABLE_DEBUG_INFO = NO;
				MTL_FAST_MATH = YES;
				SDKROOT = iphoneos;
				SWIFT_COMPILATION_MODE = wholemodule;
				SWIFT_OPTIMIZATION_LEVEL = "-O";
				VALIDATE_PRODUCT = YES;
			};
			name = Release;
		};
		9353C4B82AF9B74E00ECA413 /* Debug */ = {
			isa = XCBuildConfiguration;
			buildSettings = {
				ASSETCATALOG_COMPILER_APPICON_NAME = AppIcon;
				ASSETCATALOG_COMPILER_GLOBAL_ACCENT_COLOR_NAME = AccentColor;
				CODE_SIGN_STYLE = Automatic;
				CURRENT_PROJECT_VERSION = 1;
				GENERATE_INFOPLIST_FILE = YES;
				INFOPLIST_FILE = TabBarReview/Info.plist;
				INFOPLIST_KEY_UIApplicationSupportsIndirectInputEvents = YES;
				INFOPLIST_KEY_UILaunchStoryboardName = LaunchScreen;
				INFOPLIST_KEY_UIMainStoryboardFile = Main;
				INFOPLIST_KEY_UISupportedInterfaceOrientations_iPad = "UIInterfaceOrientationPortrait UIInterfaceOrientationPortraitUpsideDown UIInterfaceOrientationLandscapeLeft UIInterfaceOrientationLandscapeRight";
				INFOPLIST_KEY_UISupportedInterfaceOrientations_iPhone = "UIInterfaceOrientationPortrait UIInterfaceOrientationLandscapeLeft UIInterfaceOrientationLandscapeRight";
				LD_RUNPATH_SEARCH_PATHS = (
					"$(inherited)",
					"@executable_path/Frameworks",
				);
				MARKETING_VERSION = 1.0;
				PRODUCT_BUNDLE_IDENTIFIER = com.hello.TabBarReview;
				PRODUCT_NAME = "$(TARGET_NAME)";
				SWIFT_EMIT_LOC_STRINGS = YES;
				SWIFT_VERSION = 5.0;
				TARGETED_DEVICE_FAMILY = "1,2";
			};
			name = Debug;
		};
		9353C4B92AF9B74E00ECA413 /* Release */ = {
			isa = XCBuildConfiguration;
			buildSettings = {
				ASSETCATALOG_COMPILER_APPICON_NAME = AppIcon;
				ASSETCATALOG_COMPILER_GLOBAL_ACCENT_COLOR_NAME = AccentColor;
				CODE_SIGN_STYLE = Automatic;
				CURRENT_PROJECT_VERSION = 1;
				GENERATE_INFOPLIST_FILE = YES;
				INFOPLIST_FILE = TabBarReview/Info.plist;
				INFOPLIST_KEY_UIApplicationSupportsIndirectInputEvents = YES;
				INFOPLIST_KEY_UILaunchStoryboardName = LaunchScreen;
				INFOPLIST_KEY_UIMainStoryboardFile = Main;
				INFOPLIST_KEY_UISupportedInterfaceOrientations_iPad = "UIInterfaceOrientationPortrait UIInterfaceOrientationPortraitUpsideDown UIInterfaceOrientationLandscapeLeft UIInterfaceOrientationLandscapeRight";
				INFOPLIST_KEY_UISupportedInterfaceOrientations_iPhone = "UIInterfaceOrientationPortrait UIInterfaceOrientationLandscapeLeft UIInterfaceOrientationLandscapeRight";
				LD_RUNPATH_SEARCH_PATHS = (
					"$(inherited)",
					"@executable_path/Frameworks",
				);
				MARKETING_VERSION = 1.0;
				PRODUCT_BUNDLE_IDENTIFIER = com.hello.TabBarReview;
				PRODUCT_NAME = "$(TARGET_NAME)";
				SWIFT_EMIT_LOC_STRINGS = YES;
				SWIFT_VERSION = 5.0;
				TARGETED_DEVICE_FAMILY = "1,2";
			};
			name = Release;
		};
/* End XCBuildConfiguration section */

/* Begin XCConfigurationList section */
		9353C49E2AF9B74D00ECA413 /* Build configuration list for PBXProject "TabBarReview" */ = {
			isa = XCConfigurationList;
			buildConfigurations = (
				9353C4B52AF9B74E00ECA413 /* Debug */,
				9353C4B62AF9B74E00ECA413 /* Release */,
			);
			defaultConfigurationIsVisible = 0;
			defaultConfigurationName = Release;
		};
		9353C4B72AF9B74E00ECA413 /* Build configuration list for PBXNativeTarget "TabBarReview" */ = {
			isa = XCConfigurationList;
			buildConfigurations = (
				9353C4B82AF9B74E00ECA413 /* Debug */,
				9353C4B92AF9B74E00ECA413 /* Release */,
			);
			defaultConfigurationIsVisible = 0;
			defaultConfigurationName = Release;
		};
/* End XCConfigurationList section */
	};
	rootObject = 9353C49B2AF9B74D00ECA413 /* Project object */;
}
