// !$*UTF8*$!
{
	archiveVersion = 1;
	classes = {
	};
	objectVersion = 56;
	objects = {

/* Begin PBXBuildFile section */
		93D6BEB22ADE1F640019A104 /* AppDelegate.swift in Sources */ = {isa = PBXBuildFile; fileRef = 93D6BEB12ADE1F640019A104 /* AppDelegate.swift */; };
		93D6BEB42ADE1F640019A104 /* SceneDelegate.swift in Sources */ = {isa = PBXBuildFile; fileRef = 93D6BEB32ADE1F640019A104 /* SceneDelegate.swift */; };
		93D6BEB62ADE1F640019A104 /* ViewController.swift in Sources */ = {isa = PBXBuildFile; fileRef = 93D6BEB52ADE1F640019A104 /* ViewController.swift */; };
		93D6BEB92ADE1F640019A104 /* Main.storyboard in Resources */ = {isa = PBXBuildFile; fileRef = 93D6BEB72ADE1F640019A104 /* Main.storyboard */; };
		93D6BEBB2ADE1F650019A104 /* Assets.xcassets in Resources */ = {isa = PBXBuildFile; fileRef = 93D6BEBA2ADE1F650019A104 /* Assets.xcassets */; };
		93D6BEBE2ADE1F650019A104 /* LaunchScreen.storyboard in Resources */ = {isa = PBXBuildFile; fileRef = 93D6BEBC2ADE1F650019A104 /* LaunchScreen.storyboard */; };
		93D6BECC2ADE1F820019A104 /* 5.png in Resources */ = {isa = PBXBuildFile; fileRef = 93D6BEC62ADE1F820019A104 /* 5.png */; };
		93D6BECD2ADE1F820019A104 /* 3.png in Resources */ = {isa = PBXBuildFile; fileRef = 93D6BEC72ADE1F820019A104 /* 3.png */; };
		93D6BECE2ADE1F820019A104 /* 6.png in Resources */ = {isa = PBXBuildFile; fileRef = 93D6BEC82ADE1F820019A104 /* 6.png */; };
		93D6BECF2ADE1F820019A104 /* 1.png in Resources */ = {isa = PBXBuildFile; fileRef = 93D6BEC92ADE1F820019A104 /* 1.png */; };
		93D6BED02ADE1F820019A104 /* 4.png in Resources */ = {isa = PBXBuildFile; fileRef = 93D6BECA2ADE1F820019A104 /* 4.png */; };
		93D6BED12ADE1F820019A104 /* 2.png in Resources */ = {isa = PBXBuildFile; fileRef = 93D6BECB2ADE1F820019A104 /* 2.png */; };
/* End PBXBuildFile section */

/* Begin PBXFileReference section */
		93D6BEAE2ADE1F640019A104 /* PageControl.app */ = {isa = PBXFileReference; explicitFileType = wrapper.application; includeInIndex = 0; path = PageControl.app; sourceTree = BUILT_PRODUCTS_DIR; };
		93D6BEB12ADE1F640019A104 /* AppDelegate.swift */ = {isa = PBXFileReference; lastKnownFileType = sourcecode.swift; path = AppDelegate.swift; sourceTree = "<group>"; };
		93D6BEB32ADE1F640019A104 /* SceneDelegate.swift */ = {isa = PBXFileReference; lastKnownFileType = sourcecode.swift; path = SceneDelegate.swift; sourceTree = "<group>"; };
		93D6BEB52ADE1F640019A104 /* ViewController.swift */ = {isa = PBXFileReference; lastKnownFileType = sourcecode.swift; path = ViewController.swift; sourceTree = "<group>"; };
		93D6BEB82ADE1F640019A104 /* Base */ = {isa = PBXFileReference; lastKnownFileType = file.storyboard; name = Base; path = Base.lproj/Main.storyboard; sourceTree = "<group>"; };
		93D6BEBA2ADE1F650019A104 /* Assets.xcassets */ = {isa = PBXFileReference; lastKnownFileType = folder.assetcatalog; path = Assets.xcassets; sourceTree = "<group>"; };
		93D6BEBD2ADE1F650019A104 /* Base */ = {isa = PBXFileReference; lastKnownFileType = file.storyboard; name = Base; path = Base.lproj/LaunchScreen.storyboard; sourceTree = "<group>"; };
		93D6BEBF2ADE1F650019A104 /* Info.plist */ = {isa = PBXFileReference; lastKnownFileType = text.plist.xml; path = Info.plist; sourceTree = "<group>"; };
		93D6BEC62ADE1F820019A104 /* 5.png */ = {isa = PBXFileReference; lastKnownFileType = image.png; path = 5.png; sourceTree = "<group>"; };
		93D6BEC72ADE1F820019A104 /* 3.png */ = {isa = PBXFileReference; lastKnownFileType = image.png; path = 3.png; sourceTree = "<group>"; };
		93D6BEC82ADE1F820019A104 /* 6.png */ = {isa = PBXFileReference; lastKnownFileType = image.png; path = 6.png; sourceTree = "<group>"; };
		93D6BEC92ADE1F820019A104 /* 1.png */ = {isa = PBXFileReference; lastKnownFileType = image.png; path = 1.png; sourceTree = "<group>"; };
		93D6BECA2ADE1F820019A104 /* 4.png */ = {isa = PBXFileReference; lastKnownFileType = image.png; path = 4.png; sourceTree = "<group>"; };
		93D6BECB2ADE1F820019A104 /* 2.png */ = {isa = PBXFileReference; lastKnownFileType = image.png; path = 2.png; sourceTree = "<group>"; };
/* End PBXFileReference section */

/* Begin PBXFrameworksBuildPhase section */
		93D6BEAB2ADE1F640019A104 /* Frameworks */ = {
			isa = PBXFrameworksBuildPhase;
			buildActionMask = 2147483647;
			files = (
			);
			runOnlyForDeploymentPostprocessing = 0;
		};
/* End PBXFrameworksBuildPhase section */

/* Begin PBXGroup section */
		93D6BEA52ADE1F640019A104 = {
			isa = PBXGroup;
			children = (
				93D6BEB02ADE1F640019A104 /* PageControl */,
				93D6BEAF2ADE1F640019A104 /* Products */,
			);
			sourceTree = "<group>";
		};
		93D6BEAF2ADE1F640019A104 /* Products */ = {
			isa = PBXGroup;
			children = (
				93D6BEAE2ADE1F640019A104 /* PageControl.app */,
			);
			name = Products;
			sourceTree = "<group>";
		};
		93D6BEB02ADE1F640019A104 /* PageControl */ = {
			isa = PBXGroup;
			children = (
				93D6BEC52ADE1F6F0019A104 /* Images */,
				93D6BEB12ADE1F640019A104 /* AppDelegate.swift */,
				93D6BEB32ADE1F640019A104 /* SceneDelegate.swift */,
				93D6BEB52ADE1F640019A104 /* ViewController.swift */,
				93D6BEB72ADE1F640019A104 /* Main.storyboard */,
				93D6BEBA2ADE1F650019A104 /* Assets.xcassets */,
				93D6BEBC2ADE1F650019A104 /* LaunchScreen.storyboard */,
				93D6BEBF2ADE1F650019A104 /* Info.plist */,
			);
			path = PageControl;
			sourceTree = "<group>";
		};
		93D6BEC52ADE1F6F0019A104 /* Images */ = {
			isa = PBXGroup;
			children = (
				93D6BEC92ADE1F820019A104 /* 1.png */,
				93D6BECB2ADE1F820019A104 /* 2.png */,
				93D6BEC72ADE1F820019A104 /* 3.png */,
				93D6BECA2ADE1F820019A104 /* 4.png */,
				93D6BEC62ADE1F820019A104 /* 5.png */,
				93D6BEC82ADE1F820019A104 /* 6.png */,
			);
			path = Images;
			sourceTree = "<group>";
		};
/* End PBXGroup section */

/* Begin PBXNativeTarget section */
		93D6BEAD2ADE1F640019A104 /* PageControl */ = {
			isa = PBXNativeTarget;
			buildConfigurationList = 93D6BEC22ADE1F650019A104 /* Build configuration list for PBXNativeTarget "PageControl" */;
			buildPhases = (
				93D6BEAA2ADE1F640019A104 /* Sources */,
				93D6BEAB2ADE1F640019A104 /* Frameworks */,
				93D6BEAC2ADE1F640019A104 /* Resources */,
			);
			buildRules = (
			);
			dependencies = (
			);
			name = PageControl;
			productName = PageControl;
			productReference = 93D6BEAE2ADE1F640019A104 /* PageControl.app */;
			productType = "com.apple.product-type.application";
		};
/* End PBXNativeTarget section */

/* Begin PBXProject section */
		93D6BEA62ADE1F640019A104 /* Project object */ = {
			isa = PBXProject;
			attributes = {
				BuildIndependentTargetsInParallel = 1;
				LastSwiftUpdateCheck = 1420;
				LastUpgradeCheck = 1420;
				TargetAttributes = {
					93D6BEAD2ADE1F640019A104 = {
						CreatedOnToolsVersion = 14.2;
					};
				};
			};
			buildConfigurationList = 93D6BEA92ADE1F640019A104 /* Build configuration list for PBXProject "PageControl" */;
			compatibilityVersion = "Xcode 14.0";
			developmentRegion = en;
			hasScannedForEncodings = 0;
			knownRegions = (
				en,
				Base,
			);
			mainGroup = 93D6BEA52ADE1F640019A104;
			productRefGroup = 93D6BEAF2ADE1F640019A104 /* Products */;
			projectDirPath = "";
			projectRoot = "";
			targets = (
				93D6BEAD2ADE1F640019A104 /* PageControl */,
			);
		};
/* End PBXProject section */

/* Begin PBXResourcesBuildPhase section */
		93D6BEAC2ADE1F640019A104 /* Resources */ = {
			isa = PBXResourcesBuildPhase;
			buildActionMask = 2147483647;
			files = (
				93D6BECE2ADE1F820019A104 /* 6.png in Resources */,
				93D6BECD2ADE1F820019A104 /* 3.png in Resources */,
				93D6BEBE2ADE1F650019A104 /* LaunchScreen.storyboard in Resources */,
				93D6BECC2ADE1F820019A104 /* 5.png in Resources */,
				93D6BED02ADE1F820019A104 /* 4.png in Resources */,
				93D6BEBB2ADE1F650019A104 /* Assets.xcassets in Resources */,
				93D6BED12ADE1F820019A104 /* 2.png in Resources */,
				93D6BEB92ADE1F640019A104 /* Main.storyboard in Resources */,
				93D6BECF2ADE1F820019A104 /* 1.png in Resources */,
			);
			runOnlyForDeploymentPostprocessing = 0;
		};
/* End PBXResourcesBuildPhase section */

/* Begin PBXSourcesBuildPhase section */
		93D6BEAA2ADE1F640019A104 /* Sources */ = {
			isa = PBXSourcesBuildPhase;
			buildActionMask = 2147483647;
			files = (
				93D6BEB62ADE1F640019A104 /* ViewController.swift in Sources */,
				93D6BEB22ADE1F640019A104 /* AppDelegate.swift in Sources */,
				93D6BEB42ADE1F640019A104 /* SceneDelegate.swift in Sources */,
			);
			runOnlyForDeploymentPostprocessing = 0;
		};
/* End PBXSourcesBuildPhase section */

/* Begin PBXVariantGroup section */
		93D6BEB72ADE1F640019A104 /* Main.storyboard */ = {
			isa = PBXVariantGroup;
			children = (
				93D6BEB82ADE1F640019A104 /* Base */,
			);
			name = Main.storyboard;
			sourceTree = "<group>";
		};
		93D6BEBC2ADE1F650019A104 /* LaunchScreen.storyboard */ = {
			isa = PBXVariantGroup;
			children = (
				93D6BEBD2ADE1F650019A104 /* Base */,
			);
			name = LaunchScreen.storyboard;
			sourceTree = "<group>";
		};
/* End PBXVariantGroup section */

/* Begin XCBuildConfiguration section */
		93D6BEC02ADE1F650019A104 /* Debug */ = {
			isa = XCBuildConfiguration;
			buildSettings = {
				ALWAYS_SEARCH_USER_PATHS = NO;
				CLANG_ANALYZER_NONNULL = YES;
				CLANG_ANALYZER_NUMBER_OBJECT_CONVERSION = YES_AGGRESSIVE;
				CLANG_CXX_LANGUAGE_STANDARD = "gnu++20";
				CLANG_ENABLE_MODULES = YES;
				CLANG_ENABLE_OBJC_ARC = YES;
				CLANG_ENABLE_OBJC_WEAK = YES;
				CLANG_WARN_BLOCK_CAPTURE_AUTORELEASING = YES;
				CLANG_WARN_BOOL_CONVERSION = YES;
				CLANG_WARN_COMMA = YES;
				CLANG_WARN_CONSTANT_CONVERSION = YES;
				CLANG_WARN_DEPRECATED_OBJC_IMPLEMENTATIONS = YES;
				CLANG_WARN_DIRECT_OBJC_ISA_USAGE = YES_ERROR;
				CLANG_WARN_DOCUMENTATION_COMMENTS = YES;
				CLANG_WARN_EMPTY_BODY = YES;
				CLANG_WARN_ENUM_CONVERSION = YES;
				CLANG_WARN_INFINITE_RECURSION = YES;
				CLANG_WARN_INT_CONVERSION = YES;
				CLANG_WARN_NON_LITERAL_NULL_CONVERSION = YES;
				CLANG_WARN_OBJC_IMPLICIT_RETAIN_SELF = YES;
				CLANG_WARN_OBJC_LITERAL_CONVERSION = YES;
				CLANG_WARN_OBJC_ROOT_CLASS = YES_ERROR;
				CLANG_WARN_QUOTED_INCLUDE_IN_FRAMEWORK_HEADER = YES;
				CLANG_WARN_RANGE_LOOP_ANALYSIS = YES;
				CLANG_WARN_STRICT_PROTOTYPES = YES;
				CLANG_WARN_SUSPICIOUS_MOVE = YES;
				CLANG_WARN_UNGUARDED_AVAILABILITY = YES_AGGRESSIVE;
				CLANG_WARN_UNREACHABLE_CODE = YES;
				CLANG_WARN__DUPLICATE_METHOD_MATCH = YES;
				COPY_PHASE_STRIP = NO;
				DEBUG_INFORMATION_FORMAT = dwarf;
				ENABLE_STRICT_OBJC_MSGSEND = YES;
				ENABLE_TESTABILITY = YES;
				GCC_C_LANGUAGE_STANDARD = gnu11;
				GCC_DYNAMIC_NO_PIC = NO;
				GCC_NO_COMMON_BLOCKS = YES;
				GCC_OPTIMIZATION_LEVEL = 0;
				GCC_PREPROCESSOR_DEFINITIONS = (
					"DEBUG=1",
					"$(inherited)",
				);
				GCC_WARN_64_TO_32_BIT_CONVERSION = YES;
				GCC_WARN_ABOUT_RETURN_TYPE = YES_ERROR;
				GCC_WARN_UNDECLARED_SELECTOR = YES;
				GCC_WARN_UNINITIALIZED_AUTOS = YES_AGGRESSIVE;
				GCC_WARN_UNUSED_FUNCTION = YES;
				GCC_WARN_UNUSED_VARIABLE = YES;
				IPHONEOS_DEPLOYMENT_TARGET = 16.2;
				MTL_ENABLE_DEBUG_INFO = INCLUDE_SOURCE;
				MTL_FAST_MATH = YES;
				ONLY_ACTIVE_ARCH = YES;
				SDKROOT = iphoneos;
				SWIFT_ACTIVE_COMPILATION_CONDITIONS = DEBUG;
				SWIFT_OPTIMIZATION_LEVEL = "-Onone";
			};
			name = Debug;
		};
		93D6BEC12ADE1F650019A104 /* Release */ = {
			isa = XCBuildConfiguration;
			buildSettings = {
				ALWAYS_SEARCH_USER_PATHS = NO;
				CLANG_ANALYZER_NONNULL = YES;
				CLANG_ANALYZER_NUMBER_OBJECT_CONVERSION = YES_AGGRESSIVE;
				CLANG_CXX_LANGUAGE_STANDARD = "gnu++20";
				CLANG_ENABLE_MODULES = YES;
				CLANG_ENABLE_OBJC_ARC = YES;
				CLANG_ENABLE_OBJC_WEAK = YES;
				CLANG_WARN_BLOCK_CAPTURE_AUTORELEASING = YES;
				CLANG_WARN_BOOL_CONVERSION = YES;
				CLANG_WARN_COMMA = YES;
				CLANG_WARN_CONSTANT_CONVERSION = YES;
				CLANG_WARN_DEPRECATED_OBJC_IMPLEMENTATIONS = YES;
				CLANG_WARN_DIRECT_OBJC_ISA_USAGE = YES_ERROR;
				CLANG_WARN_DOCUMENTATION_COMMENTS = YES;
				CLANG_WARN_EMPTY_BODY = YES;
				CLANG_WARN_ENUM_CONVERSION = YES;
				CLANG_WARN_INFINITE_RECURSION = YES;
				CLANG_WARN_INT_CONVERSION = YES;
				CLANG_WARN_NON_LITERAL_NULL_CONVERSION = YES;
				CLANG_WARN_OBJC_IMPLICIT_RETAIN_SELF = YES;
				CLANG_WARN_OBJC_LITERAL_CONVERSION = YES;
				CLANG_WARN_OBJC_ROOT_CLASS = YES_ERROR;
				CLANG_WARN_QUOTED_INCLUDE_IN_FRAMEWORK_HEADER = YES;
				CLANG_WARN_RANGE_LOOP_ANALYSIS = YES;
				CLANG_WARN_STRICT_PROTOTYPES = YES;
				CLANG_WARN_SUSPICIOUS_MOVE = YES;
				CLANG_WARN_UNGUARDED_AVAILABILITY = YES_AGGRESSIVE;
				CLANG_WARN_UNREACHABLE_CODE = YES;
				CLANG_WARN__DUPLICATE_METHOD_MATCH = YES;
				COPY_PHASE_STRIP = NO;
				DEBUG_INFORMATION_FORMAT = "dwarf-with-dsym";
				ENABLE_NS_ASSERTIONS = NO;
				ENABLE_STRICT_OBJC_MSGSEND = YES;
				GCC_C_LANGUAGE_STANDARD = gnu11;
				GCC_NO_COMMON_BLOCKS = YES;
				GCC_WARN_64_TO_32_BIT_CONVERSION = YES;
				GCC_WARN_ABOUT_RETURN_TYPE = YES_ERROR;
				GCC_WARN_UNDECLARED_SELECTOR = YES;
				GCC_WARN_UNINITIALIZED_AUTOS = YES_AGGRESSIVE;
				GCC_WARN_UNUSED_FUNCTION = YES;
				GCC_WARN_UNUSED_VARIABLE = YES;
				IPHONEOS_DEPLOYMENT_TARGET = 16.2;
				MTL_ENABLE_DEBUG_INFO = NO;
				MTL_FAST_MATH = YES;
				SDKROOT = iphoneos;
				SWIFT_COMPILATION_MODE = wholemodule;
				SWIFT_OPTIMIZATION_LEVEL = "-O";
				VALIDATE_PRODUCT = YES;
			};
			name = Release;
		};
		93D6BEC32ADE1F650019A104 /* Debug */ = {
			isa = XCBuildConfiguration;
			buildSettings = {
				ASSETCATALOG_COMPILER_APPICON_NAME = AppIcon;
				ASSETCATALOG_COMPILER_GLOBAL_ACCENT_COLOR_NAME = AccentColor;
				CODE_SIGN_STYLE = Automatic;
				CURRENT_PROJECT_VERSION = 1;
				GENERATE_INFOPLIST_FILE = YES;
				INFOPLIST_FILE = PageControl/Info.plist;
				INFOPLIST_KEY_UIApplicationSupportsIndirectInputEvents = YES;
				INFOPLIST_KEY_UILaunchStoryboardName = LaunchScreen;
				INFOPLIST_KEY_UIMainStoryboardFile = Main;
				INFOPLIST_KEY_UISupportedInterfaceOrientations_iPad = "UIInterfaceOrientationPortrait UIInterfaceOrientationPortraitUpsideDown UIInterfaceOrientationLandscapeLeft UIInterfaceOrientationLandscapeRight";
				INFOPLIST_KEY_UISupportedInterfaceOrientations_iPhone = "UIInterfaceOrientationPortrait UIInterfaceOrientationLandscapeLeft UIInterfaceOrientationLandscapeRight";
				LD_RUNPATH_SEARCH_PATHS = (
					"$(inherited)",
					"@executable_path/Frameworks",
				);
				MARKETING_VERSION = 1.0;
				PRODUCT_BUNDLE_IDENTIFIER = com.hello.PageControl;
				PRODUCT_NAME = "$(TARGET_NAME)";
				SWIFT_EMIT_LOC_STRINGS = YES;
				SWIFT_VERSION = 5.0;
				TARGETED_DEVICE_FAMILY = "1,2";
			};
			name = Debug;
		};
		93D6BEC42ADE1F650019A104 /* Release */ = {
			isa = XCBuildConfiguration;
			buildSettings = {
				ASSETCATALOG_COMPILER_APPICON_NAME = AppIcon;
				ASSETCATALOG_COMPILER_GLOBAL_ACCENT_COLOR_NAME = AccentColor;
				CODE_SIGN_STYLE = Automatic;
				CURRENT_PROJECT_VERSION = 1;
				GENERATE_INFOPLIST_FILE = YES;
				INFOPLIST_FILE = PageControl/Info.plist;
				INFOPLIST_KEY_UIApplicationSupportsIndirectInputEvents = YES;
				INFOPLIST_KEY_UILaunchStoryboardName = LaunchScreen;
				INFOPLIST_KEY_UIMainStoryboardFile = Main;
				INFOPLIST_KEY_UISupportedInterfaceOrientations_iPad = "UIInterfaceOrientationPortrait UIInterfaceOrientationPortraitUpsideDown UIInterfaceOrientationLandscapeLeft UIInterfaceOrientationLandscapeRight";
				INFOPLIST_KEY_UISupportedInterfaceOrientations_iPhone = "UIInterfaceOrientationPortrait UIInterfaceOrientationLandscapeLeft UIInterfaceOrientationLandscapeRight";
				LD_RUNPATH_SEARCH_PATHS = (
					"$(inherited)",
					"@executable_path/Frameworks",
				);
				MARKETING_VERSION = 1.0;
				PRODUCT_BUNDLE_IDENTIFIER = com.hello.PageControl;
				PRODUCT_NAME = "$(TARGET_NAME)";
				SWIFT_EMIT_LOC_STRINGS = YES;
				SWIFT_VERSION = 5.0;
				TARGETED_DEVICE_FAMILY = "1,2";
			};
			name = Release;
		};
/* End XCBuildConfiguration section */

/* Begin XCConfigurationList section */
		93D6BEA92ADE1F640019A104 /* Build configuration list for PBXProject "PageControl" */ = {
			isa = XCConfigurationList;
			buildConfigurations = (
				93D6BEC02ADE1F650019A104 /* Debug */,
				93D6BEC12ADE1F650019A104 /* Release */,
			);
			defaultConfigurationIsVisible = 0;
			defaultConfigurationName = Release;
		};
		93D6BEC22ADE1F650019A104 /* Build configuration list for PBXNativeTarget "PageControl" */ = {
			isa = XCConfigurationList;
			buildConfigurations = (
				93D6BEC32ADE1F650019A104 /* Debug */,
				93D6BEC42ADE1F650019A104 /* Release */,
			);
			defaultConfigurationIsVisible = 0;
			defaultConfigurationName = Release;
		};
/* End XCConfigurationList section */
	};
	rootObject = 93D6BEA62ADE1F640019A104 /* Project object */;
}
