// !$*UTF8*$!
{
	archiveVersion = 1;
	classes = {
	};
	objectVersion = 56;
	objects = {

/* Begin PBXBuildFile section */
		933964C72AF08F6400F2990B /* AppDelegate.swift in Sources */ = {isa = PBXBuildFile; fileRef = 933964C62AF08F6400F2990B /* AppDelegate.swift */; };
		933964C92AF08F6400F2990B /* SceneDelegate.swift in Sources */ = {isa = PBXBuildFile; fileRef = 933964C82AF08F6400F2990B /* SceneDelegate.swift */; };
		933964CB2AF08F6400F2990B /* ViewController.swift in Sources */ = {isa = PBXBuildFile; fileRef = 933964CA2AF08F6400F2990B /* ViewController.swift */; };
		933964CE2AF08F6400F2990B /* Main.storyboard in Resources */ = {isa = PBXBuildFile; fileRef = 933964CC2AF08F6400F2990B /* Main.storyboard */; };
		933964D02AF08F6500F2990B /* Assets.xcassets in Resources */ = {isa = PBXBuildFile; fileRef = 933964CF2AF08F6500F2990B /* Assets.xcassets */; };
		933964D32AF08F6500F2990B /* LaunchScreen.storyboard in Resources */ = {isa = PBXBuildFile; fileRef = 933964D12AF08F6500F2990B /* LaunchScreen.storyboard */; };
		933964DC2AF091CA00F2990B /* lamp_off.png in Resources */ = {isa = PBXBuildFile; fileRef = 933964DA2AF091CA00F2990B /* lamp_off.png */; };
		933964DD2AF091CA00F2990B /* lamp_on.png in Resources */ = {isa = PBXBuildFile; fileRef = 933964DB2AF091CA00F2990B /* lamp_on.png */; };
		933964DF2AF091D600F2990B /* ImageViewController.swift in Sources */ = {isa = PBXBuildFile; fileRef = 933964DE2AF091D600F2990B /* ImageViewController.swift */; };
		934F86C72AF09CA300D381C5 /* 4.png in Resources */ = {isa = PBXBuildFile; fileRef = 934F86C62AF09CA300D381C5 /* 4.png */; };
/* End PBXBuildFile section */

/* Begin PBXFileReference section */
		933964C32AF08F6400F2990B /* TapBar.app */ = {isa = PBXFileReference; explicitFileType = wrapper.application; includeInIndex = 0; path = TapBar.app; sourceTree = BUILT_PRODUCTS_DIR; };
		933964C62AF08F6400F2990B /* AppDelegate.swift */ = {isa = PBXFileReference; lastKnownFileType = sourcecode.swift; path = AppDelegate.swift; sourceTree = "<group>"; };
		933964C82AF08F6400F2990B /* SceneDelegate.swift */ = {isa = PBXFileReference; lastKnownFileType = sourcecode.swift; path = SceneDelegate.swift; sourceTree = "<group>"; };
		933964CA2AF08F6400F2990B /* ViewController.swift */ = {isa = PBXFileReference; lastKnownFileType = sourcecode.swift; path = ViewController.swift; sourceTree = "<group>"; };
		933964CD2AF08F6400F2990B /* Base */ = {isa = PBXFileReference; lastKnownFileType = file.storyboard; name = Base; path = Base.lproj/Main.storyboard; sourceTree = "<group>"; };
		933964CF2AF08F6500F2990B /* Assets.xcassets */ = {isa = PBXFileReference; lastKnownFileType = folder.assetcatalog; path = Assets.xcassets; sourceTree = "<group>"; };
		933964D22AF08F6500F2990B /* Base */ = {isa = PBXFileReference; lastKnownFileType = file.storyboard; name = Base; path = Base.lproj/LaunchScreen.storyboard; sourceTree = "<group>"; };
		933964D42AF08F6500F2990B /* Info.plist */ = {isa = PBXFileReference; lastKnownFileType = text.plist.xml; path = Info.plist; sourceTree = "<group>"; };
		933964DA2AF091CA00F2990B /* lamp_off.png */ = {isa = PBXFileReference; lastKnownFileType = image.png; path = lamp_off.png; sourceTree = "<group>"; };
		933964DB2AF091CA00F2990B /* lamp_on.png */ = {isa = PBXFileReference; lastKnownFileType = image.png; path = lamp_on.png; sourceTree = "<group>"; };
		933964DE2AF091D600F2990B /* ImageViewController.swift */ = {isa = PBXFileReference; fileEncoding = 4; lastKnownFileType = sourcecode.swift; name = ImageViewController.swift; path = ../../ImageView/ImageView/ImageViewController.swift; sourceTree = "<group>"; };
		934F86C62AF09CA300D381C5 /* 4.png */ = {isa = PBXFileReference; lastKnownFileType = image.png; path = 4.png; sourceTree = "<group>"; };
/* End PBXFileReference section */

/* Begin PBXFrameworksBuildPhase section */
		933964C02AF08F6400F2990B /* Frameworks */ = {
			isa = PBXFrameworksBuildPhase;
			buildActionMask = 2147483647;
			files = (
			);
			runOnlyForDeploymentPostprocessing = 0;
		};
/* End PBXFrameworksBuildPhase section */

/* Begin PBXGroup section */
		933964BA2AF08F6400F2990B = {
			isa = PBXGroup;
			children = (
				933964C52AF08F6400F2990B /* TapBar */,
				933964C42AF08F6400F2990B /* Products */,
			);
			sourceTree = "<group>";
		};
		933964C42AF08F6400F2990B /* Products */ = {
			isa = PBXGroup;
			children = (
				933964C32AF08F6400F2990B /* TapBar.app */,
			);
			name = Products;
			sourceTree = "<group>";
		};
		933964C52AF08F6400F2990B /* TapBar */ = {
			isa = PBXGroup;
			children = (
				933964DA2AF091CA00F2990B /* lamp_off.png */,
				933964DB2AF091CA00F2990B /* lamp_on.png */,
				934F86C62AF09CA300D381C5 /* 4.png */,
				933964C62AF08F6400F2990B /* AppDelegate.swift */,
				933964C82AF08F6400F2990B /* SceneDelegate.swift */,
				933964CA2AF08F6400F2990B /* ViewController.swift */,
				933964DE2AF091D600F2990B /* ImageViewController.swift */,
				933964CC2AF08F6400F2990B /* Main.storyboard */,
				933964CF2AF08F6500F2990B /* Assets.xcassets */,
				933964D12AF08F6500F2990B /* LaunchScreen.storyboard */,
				933964D42AF08F6500F2990B /* Info.plist */,
			);
			path = TapBar;
			sourceTree = "<group>";
		};
/* End PBXGroup section */

/* Begin PBXNativeTarget section */
		933964C22AF08F6400F2990B /* TapBar */ = {
			isa = PBXNativeTarget;
			buildConfigurationList = 933964D72AF08F6500F2990B /* Build configuration list for PBXNativeTarget "TapBar" */;
			buildPhases = (
				933964BF2AF08F6400F2990B /* Sources */,
				933964C02AF08F6400F2990B /* Frameworks */,
				933964C12AF08F6400F2990B /* Resources */,
			);
			buildRules = (
			);
			dependencies = (
			);
			name = TapBar;
			productName = TapBar;
			productReference = 933964C32AF08F6400F2990B /* TapBar.app */;
			productType = "com.apple.product-type.application";
		};
/* End PBXNativeTarget section */

/* Begin PBXProject section */
		933964BB2AF08F6400F2990B /* Project object */ = {
			isa = PBXProject;
			attributes = {
				BuildIndependentTargetsInParallel = 1;
				LastSwiftUpdateCheck = 1420;
				LastUpgradeCheck = 1420;
				TargetAttributes = {
					933964C22AF08F6400F2990B = {
						CreatedOnToolsVersion = 14.2;
					};
				};
			};
			buildConfigurationList = 933964BE2AF08F6400F2990B /* Build configuration list for PBXProject "TapBar" */;
			compatibilityVersion = "Xcode 14.0";
			developmentRegion = en;
			hasScannedForEncodings = 0;
			knownRegions = (
				en,
				Base,
			);
			mainGroup = 933964BA2AF08F6400F2990B;
			productRefGroup = 933964C42AF08F6400F2990B /* Products */;
			projectDirPath = "";
			projectRoot = "";
			targets = (
				933964C22AF08F6400F2990B /* TapBar */,
			);
		};
/* End PBXProject section */

/* Begin PBXResourcesBuildPhase section */
		933964C12AF08F6400F2990B /* Resources */ = {
			isa = PBXResourcesBuildPhase;
			buildActionMask = 2147483647;
			files = (
				934F86C72AF09CA300D381C5 /* 4.png in Resources */,
				933964D32AF08F6500F2990B /* LaunchScreen.storyboard in Resources */,
				933964D02AF08F6500F2990B /* Assets.xcassets in Resources */,
				933964DD2AF091CA00F2990B /* lamp_on.png in Resources */,
				933964CE2AF08F6400F2990B /* Main.storyboard in Resources */,
				933964DC2AF091CA00F2990B /* lamp_off.png in Resources */,
			);
			runOnlyForDeploymentPostprocessing = 0;
		};
/* End PBXResourcesBuildPhase section */

/* Begin PBXSourcesBuildPhase section */
		933964BF2AF08F6400F2990B /* Sources */ = {
			isa = PBXSourcesBuildPhase;
			buildActionMask = 2147483647;
			files = (
				933964CB2AF08F6400F2990B /* ViewController.swift in Sources */,
				933964C72AF08F6400F2990B /* AppDelegate.swift in Sources */,
				933964DF2AF091D600F2990B /* ImageViewController.swift in Sources */,
				933964C92AF08F6400F2990B /* SceneDelegate.swift in Sources */,
			);
			runOnlyForDeploymentPostprocessing = 0;
		};
/* End PBXSourcesBuildPhase section */

/* Begin PBXVariantGroup section */
		933964CC2AF08F6400F2990B /* Main.storyboard */ = {
			isa = PBXVariantGroup;
			children = (
				933964CD2AF08F6400F2990B /* Base */,
			);
			name = Main.storyboard;
			sourceTree = "<group>";
		};
		933964D12AF08F6500F2990B /* LaunchScreen.storyboard */ = {
			isa = PBXVariantGroup;
			children = (
				933964D22AF08F6500F2990B /* Base */,
			);
			name = LaunchScreen.storyboard;
			sourceTree = "<group>";
		};
/* End PBXVariantGroup section */

/* Begin XCBuildConfiguration section */
		933964D52AF08F6500F2990B /* Debug */ = {
			isa = XCBuildConfiguration;
			buildSettings = {
				ALWAYS_SEARCH_USER_PATHS = NO;
				CLANG_ANALYZER_NONNULL = YES;
				CLANG_ANALYZER_NUMBER_OBJECT_CONVERSION = YES_AGGRESSIVE;
				CLANG_CXX_LANGUAGE_STANDARD = "gnu++20";
				CLANG_ENABLE_MODULES = YES;
				CLANG_ENABLE_OBJC_ARC = YES;
				CLANG_ENABLE_OBJC_WEAK = YES;
				CLANG_WARN_BLOCK_CAPTURE_AUTORELEASING = YES;
				CLANG_WARN_BOOL_CONVERSION = YES;
				CLANG_WARN_COMMA = YES;
				CLANG_WARN_CONSTANT_CONVERSION = YES;
				CLANG_WARN_DEPRECATED_OBJC_IMPLEMENTATIONS = YES;
				CLANG_WARN_DIRECT_OBJC_ISA_USAGE = YES_ERROR;
				CLANG_WARN_DOCUMENTATION_COMMENTS = YES;
				CLANG_WARN_EMPTY_BODY = YES;
				CLANG_WARN_ENUM_CONVERSION = YES;
				CLANG_WARN_INFINITE_RECURSION = YES;
				CLANG_WARN_INT_CONVERSION = YES;
				CLANG_WARN_NON_LITERAL_NULL_CONVERSION = YES;
				CLANG_WARN_OBJC_IMPLICIT_RETAIN_SELF = YES;
				CLANG_WARN_OBJC_LITERAL_CONVERSION = YES;
				CLANG_WARN_OBJC_ROOT_CLASS = YES_ERROR;
				CLANG_WARN_QUOTED_INCLUDE_IN_FRAMEWORK_HEADER = YES;
				CLANG_WARN_RANGE_LOOP_ANALYSIS = YES;
				CLANG_WARN_STRICT_PROTOTYPES = YES;
				CLANG_WARN_SUSPICIOUS_MOVE = YES;
				CLANG_WARN_UNGUARDED_AVAILABILITY = YES_AGGRESSIVE;
				CLANG_WARN_UNREACHABLE_CODE = YES;
				CLANG_WARN__DUPLICATE_METHOD_MATCH = YES;
				COPY_PHASE_STRIP = NO;
				DEBUG_INFORMATION_FORMAT = dwarf;
				ENABLE_STRICT_OBJC_MSGSEND = YES;
				ENABLE_TESTABILITY = YES;
				GCC_C_LANGUAGE_STANDARD = gnu11;
				GCC_DYNAMIC_NO_PIC = NO;
				GCC_NO_COMMON_BLOCKS = YES;
				GCC_OPTIMIZATION_LEVEL = 0;
				GCC_PREPROCESSOR_DEFINITIONS = (
					"DEBUG=1",
					"$(inherited)",
				);
				GCC_WARN_64_TO_32_BIT_CONVERSION = YES;
				GCC_WARN_ABOUT_RETURN_TYPE = YES_ERROR;
				GCC_WARN_UNDECLARED_SELECTOR = YES;
				GCC_WARN_UNINITIALIZED_AUTOS = YES_AGGRESSIVE;
				GCC_WARN_UNUSED_FUNCTION = YES;
				GCC_WARN_UNUSED_VARIABLE = YES;
				IPHONEOS_DEPLOYMENT_TARGET = 16.2;
				MTL_ENABLE_DEBUG_INFO = INCLUDE_SOURCE;
				MTL_FAST_MATH = YES;
				ONLY_ACTIVE_ARCH = YES;
				SDKROOT = iphoneos;
				SWIFT_ACTIVE_COMPILATION_CONDITIONS = DEBUG;
				SWIFT_OPTIMIZATION_LEVEL = "-Onone";
			};
			name = Debug;
		};
		933964D62AF08F6500F2990B /* Release */ = {
			isa = XCBuildConfiguration;
			buildSettings = {
				ALWAYS_SEARCH_USER_PATHS = NO;
				CLANG_ANALYZER_NONNULL = YES;
				CLANG_ANALYZER_NUMBER_OBJECT_CONVERSION = YES_AGGRESSIVE;
				CLANG_CXX_LANGUAGE_STANDARD = "gnu++20";
				CLANG_ENABLE_MODULES = YES;
				CLANG_ENABLE_OBJC_ARC = YES;
				CLANG_ENABLE_OBJC_WEAK = YES;
				CLANG_WARN_BLOCK_CAPTURE_AUTORELEASING = YES;
				CLANG_WARN_BOOL_CONVERSION = YES;
				CLANG_WARN_COMMA = YES;
				CLANG_WARN_CONSTANT_CONVERSION = YES;
				CLANG_WARN_DEPRECATED_OBJC_IMPLEMENTATIONS = YES;
				CLANG_WARN_DIRECT_OBJC_ISA_USAGE = YES_ERROR;
				CLANG_WARN_DOCUMENTATION_COMMENTS = YES;
				CLANG_WARN_EMPTY_BODY = YES;
				CLANG_WARN_ENUM_CONVERSION = YES;
				CLANG_WARN_INFINITE_RECURSION = YES;
				CLANG_WARN_INT_CONVERSION = YES;
				CLANG_WARN_NON_LITERAL_NULL_CONVERSION = YES;
				CLANG_WARN_OBJC_IMPLICIT_RETAIN_SELF = YES;
				CLANG_WARN_OBJC_LITERAL_CONVERSION = YES;
				CLANG_WARN_OBJC_ROOT_CLASS = YES_ERROR;
				CLANG_WARN_QUOTED_INCLUDE_IN_FRAMEWORK_HEADER = YES;
				CLANG_WARN_RANGE_LOOP_ANALYSIS = YES;
				CLANG_WARN_STRICT_PROTOTYPES = YES;
				CLANG_WARN_SUSPICIOUS_MOVE = YES;
				CLANG_WARN_UNGUARDED_AVAILABILITY = YES_AGGRESSIVE;
				CLANG_WARN_UNREACHABLE_CODE = YES;
				CLANG_WARN__DUPLICATE_METHOD_MATCH = YES;
				COPY_PHASE_STRIP = NO;
				DEBUG_INFORMATION_FORMAT = "dwarf-with-dsym";
				ENABLE_NS_ASSERTIONS = NO;
				ENABLE_STRICT_OBJC_MSGSEND = YES;
				GCC_C_LANGUAGE_STANDARD = gnu11;
				GCC_NO_COMMON_BLOCKS = YES;
				GCC_WARN_64_TO_32_BIT_CONVERSION = YES;
				GCC_WARN_ABOUT_RETURN_TYPE = YES_ERROR;
				GCC_WARN_UNDECLARED_SELECTOR = YES;
				GCC_WARN_UNINITIALIZED_AUTOS = YES_AGGRESSIVE;
				GCC_WARN_UNUSED_FUNCTION = YES;
				GCC_WARN_UNUSED_VARIABLE = YES;
				IPHONEOS_DEPLOYMENT_TARGET = 16.2;
				MTL_ENABLE_DEBUG_INFO = NO;
				MTL_FAST_MATH = YES;
				SDKROOT = iphoneos;
				SWIFT_COMPILATION_MODE = wholemodule;
				SWIFT_OPTIMIZATION_LEVEL = "-O";
				VALIDATE_PRODUCT = YES;
			};
			name = Release;
		};
		933964D82AF08F6500F2990B /* Debug */ = {
			isa = XCBuildConfiguration;
			buildSettings = {
				ASSETCATALOG_COMPILER_APPICON_NAME = AppIcon;
				ASSETCATALOG_COMPILER_GLOBAL_ACCENT_COLOR_NAME = AccentColor;
				CODE_SIGN_STYLE = Automatic;
				CURRENT_PROJECT_VERSION = 1;
				GENERATE_INFOPLIST_FILE = YES;
				INFOPLIST_FILE = TapBar/Info.plist;
				INFOPLIST_KEY_UIApplicationSupportsIndirectInputEvents = YES;
				INFOPLIST_KEY_UILaunchStoryboardName = LaunchScreen;
				INFOPLIST_KEY_UIMainStoryboardFile = Main;
				INFOPLIST_KEY_UISupportedInterfaceOrientations_iPad = "UIInterfaceOrientationPortrait UIInterfaceOrientationPortraitUpsideDown UIInterfaceOrientationLandscapeLeft UIInterfaceOrientationLandscapeRight";
				INFOPLIST_KEY_UISupportedInterfaceOrientations_iPhone = "UIInterfaceOrientationPortrait UIInterfaceOrientationLandscapeLeft UIInterfaceOrientationLandscapeRight";
				LD_RUNPATH_SEARCH_PATHS = (
					"$(inherited)",
					"@executable_path/Frameworks",
				);
				MARKETING_VERSION = 1.0;
				PRODUCT_BUNDLE_IDENTIFIER = com.hello.TapBar;
				PRODUCT_NAME = "$(TARGET_NAME)";
				SWIFT_EMIT_LOC_STRINGS = YES;
				SWIFT_VERSION = 5.0;
				TARGETED_DEVICE_FAMILY = "1,2";
			};
			name = Debug;
		};
		933964D92AF08F6500F2990B /* Release */ = {
			isa = XCBuildConfiguration;
			buildSettings = {
				ASSETCATALOG_COMPILER_APPICON_NAME = AppIcon;
				ASSETCATALOG_COMPILER_GLOBAL_ACCENT_COLOR_NAME = AccentColor;
				CODE_SIGN_STYLE = Automatic;
				CURRENT_PROJECT_VERSION = 1;
				GENERATE_INFOPLIST_FILE = YES;
				INFOPLIST_FILE = TapBar/Info.plist;
				INFOPLIST_KEY_UIApplicationSupportsIndirectInputEvents = YES;
				INFOPLIST_KEY_UILaunchStoryboardName = LaunchScreen;
				INFOPLIST_KEY_UIMainStoryboardFile = Main;
				INFOPLIST_KEY_UISupportedInterfaceOrientations_iPad = "UIInterfaceOrientationPortrait UIInterfaceOrientationPortraitUpsideDown UIInterfaceOrientationLandscapeLeft UIInterfaceOrientationLandscapeRight";
				INFOPLIST_KEY_UISupportedInterfaceOrientations_iPhone = "UIInterfaceOrientationPortrait UIInterfaceOrientationLandscapeLeft UIInterfaceOrientationLandscapeRight";
				LD_RUNPATH_SEARCH_PATHS = (
					"$(inherited)",
					"@executable_path/Frameworks",
				);
				MARKETING_VERSION = 1.0;
				PRODUCT_BUNDLE_IDENTIFIER = com.hello.TapBar;
				PRODUCT_NAME = "$(TARGET_NAME)";
				SWIFT_EMIT_LOC_STRINGS = YES;
				SWIFT_VERSION = 5.0;
				TARGETED_DEVICE_FAMILY = "1,2";
			};
			name = Release;
		};
/* End XCBuildConfiguration section */

/* Begin XCConfigurationList section */
		933964BE2AF08F6400F2990B /* Build configuration list for PBXProject "TapBar" */ = {
			isa = XCConfigurationList;
			buildConfigurations = (
				933964D52AF08F6500F2990B /* Debug */,
				933964D62AF08F6500F2990B /* Release */,
			);
			defaultConfigurationIsVisible = 0;
			defaultConfigurationName = Release;
		};
		933964D72AF08F6500F2990B /* Build configuration list for PBXNativeTarget "TapBar" */ = {
			isa = XCConfigurationList;
			buildConfigurations = (
				933964D82AF08F6500F2990B /* Debug */,
				933964D92AF08F6500F2990B /* Release */,
			);
			defaultConfigurationIsVisible = 0;
			defaultConfigurationName = Release;
		};
/* End XCConfigurationList section */
	};
	rootObject = 933964BB2AF08F6400F2990B /* Project object */;
}
